
Microsoft Visual Studio Solution File, Format Version 12.00
# Visual Studio Version 17
VisualStudioVersion = 17.7.34221.43
MinimumVisualStudioVersion = 10.0.40219.1
Project("{9A19103F-16F7-4668-BE54-9A1E7A4F7556}") = "HDFCommAgent.NET", "HDFCommAgent.NET\HDFCommAgent.NET.csproj", "{4827BB4B-5060-4AD7-9BAC-3A880F2FDBE7}"
EndProject
Global
	GlobalSection(SolutionConfigurationPlatforms) = preSolution
		Debug|Any CPU = Debug|Any CPU
		Release|Any CPU = Release|Any CPU
	EndGlobalSection
	GlobalSection(ProjectConfigurationPlatforms) = postSolution
		{4827BB4B-5060-4AD7-9BAC-3A880F2FDBE7}.Debug|Any CPU.ActiveCfg = Debug|Any CPU
		{4827BB4B-5060-4AD7-9BAC-3A880F2FDBE7}.Debug|Any CPU.Build.0 = Debug|Any CPU
		{4827BB4B-5060-4AD7-9BAC-3A880F2FDBE7}.Release|Any CPU.ActiveCfg = Release|Any CPU
		{4827BB4B-5060-4AD7-9BAC-3A880F2FDBE7}.Release|Any CPU.Build.0 = Release|Any CPU
	EndGlobalSection
	GlobalSection(SolutionProperties) = preSolution
		HideSolutionNode = FALSE
	EndGlobalSection
	GlobalSection(ExtensibilityGlobals) = postSolution
		SolutionGuid = {B2C82A60-4984-441B-B924-FD5C201D05F8}
	EndGlobalSection
EndGlobal
